
Microsoft Visual Studio Solution File, Format Version 12.00
# Visual Studio 15
Project("{FAE04EC0-301F-11D3-BF4B-00C04F79EFBC}") = "Assembly-CSharp", "Assembly-CSharp.csproj", "{D2BAB8A9-BEEC-7F7E-EDE1-2EB9A04FA595}"
EndProject
Project("{FAE04EC0-301F-11D3-BF4B-00C04F79EFBC}") = "Assembly-CSharp-Editor", "Assembly-CSharp-Editor.csproj", "{3323978B-88ED-26BE-75C4-B3E4EDD1ECAA}"
EndProject
Global
	GlobalSection(SolutionConfigurationPlatforms) = preSolution
		Debug|Any CPU = Debug|Any CPU
		Release|Any CPU = Release|Any CPU
	EndGlobalSection
	GlobalSection(ProjectConfigurationPlatforms) = postSolution
		{D2BAB8A9-BEEC-7F7E-EDE1-2EB9A04FA595}.Debug|Any CPU.ActiveCfg = Debug|Any CPU
		{D2BAB8A9-BEEC-7F7E-EDE1-2EB9A04FA595}.Debug|Any CPU.Build.0 = Debug|Any CPU
		{D2BAB8A9-BEEC-7F7E-EDE1-2EB9A04FA595}.Release|Any CPU.ActiveCfg = Release|Any CPU
		{D2BAB8A9-BEEC-7F7E-EDE1-2EB9A04FA595}.Release|Any CPU.Build.0 = Release|Any CPU
		{3323978B-88ED-26BE-75C4-B3E4EDD1ECAA}.Debug|Any CPU.ActiveCfg = Debug|Any CPU
		{3323978B-88ED-26BE-75C4-B3E4EDD1ECAA}.Debug|Any CPU.Build.0 = Debug|Any CPU
		{3323978B-88ED-26BE-75C4-B3E4EDD1ECAA}.Release|Any CPU.ActiveCfg = Release|Any CPU
		{3323978B-88ED-26BE-75C4-B3E4EDD1ECAA}.Release|Any CPU.Build.0 = Release|Any CPU
	EndGlobalSection
	GlobalSection(SolutionProperties) = preSolution
		HideSolutionNode = FALSE
	EndGlobalSection
EndGlobal
